
Microsoft Visual Studio Solution File, Format Version 12.00
# Visual Studio Version 17
VisualStudioVersion = 17.11.35219.272
MinimumVisualStudioVersion = 10.0.40219.1
Project("{FAE04EC0-301F-11D3-BF4B-00C04F79EFBC}") = "ToDoApp.API", "ToDoApp\ToDoApp.API.csproj", "{97303C29-E0D8-46DC-A5C8-AFAF27196766}"
EndProject
Project("{FAE04EC0-301F-11D3-BF4B-00C04F79EFBC}") = "ToDoApp.BLL", "ToDoApp.BLL\ToDoApp.BLL.csproj", "{6D7EF6B7-D04D-49C6-90D6-928D3826C579}"
EndProject
Project("{FAE04EC0-301F-11D3-BF4B-00C04F79EFBC}") = "ToDoApp.DAL", "ToDoApp.DAL\ToDoApp.DAL.csproj", "{F5EE797E-0932-4199-A8F2-244BDCE7CC85}"
EndProject
Global
	GlobalSection(SolutionConfigurationPlatforms) = preSolution
		Debug|Any CPU = Debug|Any CPU
		Release|Any CPU = Release|Any CPU
	EndGlobalSection
	GlobalSection(ProjectConfigurationPlatforms) = postSolution
		{97303C29-E0D8-46DC-A5C8-AFAF27196766}.Debug|Any CPU.ActiveCfg = Debug|Any CPU
		{97303C29-E0D8-46DC-A5C8-AFAF27196766}.Debug|Any CPU.Build.0 = Debug|Any CPU
		{97303C29-E0D8-46DC-A5C8-AFAF27196766}.Release|Any CPU.ActiveCfg = Release|Any CPU
		{97303C29-E0D8-46DC-A5C8-AFAF27196766}.Release|Any CPU.Build.0 = Release|Any CPU
		{6D7EF6B7-D04D-49C6-90D6-928D3826C579}.Debug|Any CPU.ActiveCfg = Debug|Any CPU
		{6D7EF6B7-D04D-49C6-90D6-928D3826C579}.Debug|Any CPU.Build.0 = Debug|Any CPU
		{6D7EF6B7-D04D-49C6-90D6-928D3826C579}.Release|Any CPU.ActiveCfg = Release|Any CPU
		{6D7EF6B7-D04D-49C6-90D6-928D3826C579}.Release|Any CPU.Build.0 = Release|Any CPU
		{F5EE797E-0932-4199-A8F2-244BDCE7CC85}.Debug|Any CPU.ActiveCfg = Debug|Any CPU
		{F5EE797E-0932-4199-A8F2-244BDCE7CC85}.Debug|Any CPU.Build.0 = Debug|Any CPU
		{F5EE797E-0932-4199-A8F2-244BDCE7CC85}.Release|Any CPU.ActiveCfg = Release|Any CPU
		{F5EE797E-0932-4199-A8F2-244BDCE7CC85}.Release|Any CPU.Build.0 = Release|Any CPU
	EndGlobalSection
	GlobalSection(SolutionProperties) = preSolution
		HideSolutionNode = FALSE
	EndGlobalSection
	GlobalSection(ExtensibilityGlobals) = postSolution
		SolutionGuid = {020F8609-7313-4F4C-AA55-7C4C697CF93A}
	EndGlobalSection
EndGlobal
